
Microsoft Visual Studio Solution File, Format Version 12.00
# Visual Studio Version 16
VisualStudioVersion = 16.0.30204.135
MinimumVisualStudioVersion = 10.0.40219.1
Project("{9A19103F-16F7-4668-BE54-9A1E7A4F7556}") = "CustomDataValidationAttributeWithDependencyInjection", "CustomDataValidationAttributeWithDependencyInjection\CustomDataValidationAttributeWithDependencyInjection.csproj", "{942759BC-B6A2-490C-90DF-DBE3E6D98822}"
EndProject
Project("{9A19103F-16F7-4668-BE54-9A1E7A4F7556}") = "DataRepository", "DataRepository\DataRepository.csproj", "{6C373711-BC27-4EEF-80F2-F12EB06FCC0D}"
EndProject
Project("{9A19103F-16F7-4668-BE54-9A1E7A4F7556}") = "DataModel", "DataModel\DataModel.csproj", "{A5CC7FA8-C82C-46C2-B996-891368CA9E0B}"
EndProject
Project("{FAE04EC0-301F-11D3-BF4B-00C04F79EFBC}") = "ServiceClassLibrary", "ServiceClassLibrary\ServiceClassLibrary.csproj", "{A15052AF-26E3-478A-87BF-61F9CE60D5B0}"
EndProject
Global
	GlobalSection(SolutionConfigurationPlatforms) = preSolution
		Debug|Any CPU = Debug|Any CPU
		Release|Any CPU = Release|Any CPU
	EndGlobalSection
	GlobalSection(ProjectConfigurationPlatforms) = postSolution
		{942759BC-B6A2-490C-90DF-DBE3E6D98822}.Debug|Any CPU.ActiveCfg = Debug|Any CPU
		{942759BC-B6A2-490C-90DF-DBE3E6D98822}.Debug|Any CPU.Build.0 = Debug|Any CPU
		{942759BC-B6A2-490C-90DF-DBE3E6D98822}.Release|Any CPU.ActiveCfg = Release|Any CPU
		{942759BC-B6A2-490C-90DF-DBE3E6D98822}.Release|Any CPU.Build.0 = Release|Any CPU
		{6C373711-BC27-4EEF-80F2-F12EB06FCC0D}.Debug|Any CPU.ActiveCfg = Debug|Any CPU
		{6C373711-BC27-4EEF-80F2-F12EB06FCC0D}.Debug|Any CPU.Build.0 = Debug|Any CPU
		{6C373711-BC27-4EEF-80F2-F12EB06FCC0D}.Release|Any CPU.ActiveCfg = Release|Any CPU
		{6C373711-BC27-4EEF-80F2-F12EB06FCC0D}.Release|Any CPU.Build.0 = Release|Any CPU
		{A5CC7FA8-C82C-46C2-B996-891368CA9E0B}.Debug|Any CPU.ActiveCfg = Debug|Any CPU
		{A5CC7FA8-C82C-46C2-B996-891368CA9E0B}.Debug|Any CPU.Build.0 = Debug|Any CPU
		{A5CC7FA8-C82C-46C2-B996-891368CA9E0B}.Release|Any CPU.ActiveCfg = Release|Any CPU
		{A5CC7FA8-C82C-46C2-B996-891368CA9E0B}.Release|Any CPU.Build.0 = Release|Any CPU
		{A15052AF-26E3-478A-87BF-61F9CE60D5B0}.Debug|Any CPU.ActiveCfg = Debug|Any CPU
		{A15052AF-26E3-478A-87BF-61F9CE60D5B0}.Debug|Any CPU.Build.0 = Debug|Any CPU
		{A15052AF-26E3-478A-87BF-61F9CE60D5B0}.Release|Any CPU.ActiveCfg = Release|Any CPU
		{A15052AF-26E3-478A-87BF-61F9CE60D5B0}.Release|Any CPU.Build.0 = Release|Any CPU
	EndGlobalSection
	GlobalSection(SolutionProperties) = preSolution
		HideSolutionNode = FALSE
	EndGlobalSection
	GlobalSection(ExtensibilityGlobals) = postSolution
		SolutionGuid = {B7DCA0C1-E2BA-432E-98CA-87537A746BA8}
	EndGlobalSection
EndGlobal
